// !$*UTF8*$!
{
	archiveVersion = 1;
	classes = {
	};
	objectVersion = 55;
	objects = {

/* Begin PBXBuildFile section */
		41D0B694054D9F395A39B10D /* Pods_RoundCodeTutorial_iOS.framework in Frameworks */ = {isa = PBXBuildFile; fileRef = 54E534066ADB42A01D4F7FF2 /* Pods_RoundCodeTutorial_iOS.framework */; };
		F895C422283F97DB009602B4 /* AppDelegate.swift in Sources */ = {isa = PBXBuildFile; fileRef = F895C421283F97DB009602B4 /* AppDelegate.swift */; };
		F895C424283F97DB009602B4 /* SceneDelegate.swift in Sources */ = {isa = PBXBuildFile; fileRef = F895C423283F97DB009602B4 /* SceneDelegate.swift */; };
		F895C426283F97DB009602B4 /* ViewController.swift in Sources */ = {isa = PBXBuildFile; fileRef = F895C425283F97DB009602B4 /* ViewController.swift */; };
		F895C429283F97DB009602B4 /* Main.storyboard in Resources */ = {isa = PBXBuildFile; fileRef = F895C427283F97DB009602B4 /* Main.storyboard */; };
		F895C42B283F97DB009602B4 /* Assets.xcassets in Resources */ = {isa = PBXBuildFile; fileRef = F895C42A283F97DB009602B4 /* Assets.xcassets */; };
		F895C42E283F97DB009602B4 /* LaunchScreen.storyboard in Resources */ = {isa = PBXBuildFile; fileRef = F895C42C283F97DB009602B4 /* LaunchScreen.storyboard */; };
/* End PBXBuildFile section */

/* Begin PBXFileReference section */
		54E534066ADB42A01D4F7FF2 /* Pods_RoundCodeTutorial_iOS.framework */ = {isa = PBXFileReference; explicitFileType = wrapper.framework; includeInIndex = 0; path = Pods_RoundCodeTutorial_iOS.framework; sourceTree = BUILT_PRODUCTS_DIR; };
		5BB86CA1D88E17745C1575EE /* Pods-RoundCodeTutorial-iOS.release.xcconfig */ = {isa = PBXFileReference; includeInIndex = 1; lastKnownFileType = text.xcconfig; name = "Pods-RoundCodeTutorial-iOS.release.xcconfig"; path = "Target Support Files/Pods-RoundCodeTutorial-iOS/Pods-RoundCodeTutorial-iOS.release.xcconfig"; sourceTree = "<group>"; };
		66A58A4FFC4B282BF1B70446 /* Pods-RoundCodeTutorial-iOS.debug.xcconfig */ = {isa = PBXFileReference; includeInIndex = 1; lastKnownFileType = text.xcconfig; name = "Pods-RoundCodeTutorial-iOS.debug.xcconfig"; path = "Target Support Files/Pods-RoundCodeTutorial-iOS/Pods-RoundCodeTutorial-iOS.debug.xcconfig"; sourceTree = "<group>"; };
		F895C41E283F97DB009602B4 /* RoundCodeTutorial-iOS.app */ = {isa = PBXFileReference; explicitFileType = wrapper.application; includeInIndex = 0; path = "RoundCodeTutorial-iOS.app"; sourceTree = BUILT_PRODUCTS_DIR; };
		F895C421283F97DB009602B4 /* AppDelegate.swift */ = {isa = PBXFileReference; lastKnownFileType = sourcecode.swift; path = AppDelegate.swift; sourceTree = "<group>"; };
		F895C423283F97DB009602B4 /* SceneDelegate.swift */ = {isa = PBXFileReference; lastKnownFileType = sourcecode.swift; path = SceneDelegate.swift; sourceTree = "<group>"; };
		F895C425283F97DB009602B4 /* ViewController.swift */ = {isa = PBXFileReference; lastKnownFileType = sourcecode.swift; path = ViewController.swift; sourceTree = "<group>"; };
		F895C428283F97DB009602B4 /* Base */ = {isa = PBXFileReference; lastKnownFileType = file.storyboard; name = Base; path = Base.lproj/Main.storyboard; sourceTree = "<group>"; };
		F895C42A283F97DB009602B4 /* Assets.xcassets */ = {isa = PBXFileReference; lastKnownFileType = folder.assetcatalog; path = Assets.xcassets; sourceTree = "<group>"; };
		F895C42D283F97DB009602B4 /* Base */ = {isa = PBXFileReference; lastKnownFileType = file.storyboard; name = Base; path = Base.lproj/LaunchScreen.storyboard; sourceTree = "<group>"; };
		F895C42F283F97DB009602B4 /* Info.plist */ = {isa = PBXFileReference; lastKnownFileType = text.plist.xml; path = Info.plist; sourceTree = "<group>"; };
/* End PBXFileReference section */

/* Begin PBXFrameworksBuildPhase section */
		F895C41B283F97DB009602B4 /* Frameworks */ = {
			isa = PBXFrameworksBuildPhase;
			buildActionMask = 2147483647;
			files = (
				41D0B694054D9F395A39B10D /* Pods_RoundCodeTutorial_iOS.framework in Frameworks */,
			);
			runOnlyForDeploymentPostprocessing = 0;
		};
/* End PBXFrameworksBuildPhase section */

/* Begin PBXGroup section */
		111908B02AA6F7DD0F57BB41 /* Pods */ = {
			isa = PBXGroup;
			children = (
				66A58A4FFC4B282BF1B70446 /* Pods-RoundCodeTutorial-iOS.debug.xcconfig */,
				5BB86CA1D88E17745C1575EE /* Pods-RoundCodeTutorial-iOS.release.xcconfig */,
			);
			name = Pods;
			path = Pods;
			sourceTree = "<group>";
		};
		652CB7B862AA9D35D3475BD9 /* Frameworks */ = {
			isa = PBXGroup;
			children = (
				54E534066ADB42A01D4F7FF2 /* Pods_RoundCodeTutorial_iOS.framework */,
			);
			name = Frameworks;
			sourceTree = "<group>";
		};
		F895C415283F97DB009602B4 = {
			isa = PBXGroup;
			children = (
				F895C420283F97DB009602B4 /* RoundCodeTutorial-iOS */,
				F895C41F283F97DB009602B4 /* Products */,
				111908B02AA6F7DD0F57BB41 /* Pods */,
				652CB7B862AA9D35D3475BD9 /* Frameworks */,
			);
			sourceTree = "<group>";
		};
		F895C41F283F97DB009602B4 /* Products */ = {
			isa = PBXGroup;
			children = (
				F895C41E283F97DB009602B4 /* RoundCodeTutorial-iOS.app */,
			);
			name = Products;
			sourceTree = "<group>";
		};
		F895C420283F97DB009602B4 /* RoundCodeTutorial-iOS */ = {
			isa = PBXGroup;
			children = (
				F895C421283F97DB009602B4 /* AppDelegate.swift */,
				F895C423283F97DB009602B4 /* SceneDelegate.swift */,
				F895C425283F97DB009602B4 /* ViewController.swift */,
				F895C427283F97DB009602B4 /* Main.storyboard */,
				F895C42A283F97DB009602B4 /* Assets.xcassets */,
				F895C42C283F97DB009602B4 /* LaunchScreen.storyboard */,
				F895C42F283F97DB009602B4 /* Info.plist */,
			);
			path = "RoundCodeTutorial-iOS";
			sourceTree = "<group>";
		};
/* End PBXGroup section */

/* Begin PBXNativeTarget section */
		F895C41D283F97DB009602B4 /* RoundCodeTutorial-iOS */ = {
			isa = PBXNativeTarget;
			buildConfigurationList = F895C432283F97DB009602B4 /* Build configuration list for PBXNativeTarget "RoundCodeTutorial-iOS" */;
			buildPhases = (
				6EF5453C55BE3DA94FC18CC8 /* [CP] Check Pods Manifest.lock */,
				F895C41A283F97DB009602B4 /* Sources */,
				F895C41B283F97DB009602B4 /* Frameworks */,
				F895C41C283F97DB009602B4 /* Resources */,
				CCC4183B2A6F11CDAD2E61EF /* [CP] Embed Pods Frameworks */,
			);
			buildRules = (
			);
			dependencies = (
			);
			name = "RoundCodeTutorial-iOS";
			productName = "RoundCodeTutorial-iOS";
			productReference = F895C41E283F97DB009602B4 /* RoundCodeTutorial-iOS.app */;
			productType = "com.apple.product-type.application";
		};
/* End PBXNativeTarget section */

/* Begin PBXProject section */
		F895C416283F97DB009602B4 /* Project object */ = {
			isa = PBXProject;
			attributes = {
				BuildIndependentTargetsInParallel = 1;
				LastSwiftUpdateCheck = 1340;
				LastUpgradeCheck = 1340;
				TargetAttributes = {
					F895C41D283F97DB009602B4 = {
						CreatedOnToolsVersion = 13.4;
					};
				};
			};
			buildConfigurationList = F895C419283F97DB009602B4 /* Build configuration list for PBXProject "RoundCodeTutorial-iOS" */;
			compatibilityVersion = "Xcode 13.0";
			developmentRegion = en;
			hasScannedForEncodings = 0;
			knownRegions = (
				en,
				Base,
			);
			mainGroup = F895C415283F97DB009602B4;
			productRefGroup = F895C41F283F97DB009602B4 /* Products */;
			projectDirPath = "";
			projectRoot = "";
			targets = (
				F895C41D283F97DB009602B4 /* RoundCodeTutorial-iOS */,
			);
		};
/* End PBXProject section */

/* Begin PBXResourcesBuildPhase section */
		F895C41C283F97DB009602B4 /* Resources */ = {
			isa = PBXResourcesBuildPhase;
			buildActionMask = 2147483647;
			files = (
				F895C42E283F97DB009602B4 /* LaunchScreen.storyboard in Resources */,
				F895C42B283F97DB009602B4 /* Assets.xcassets in Resources */,
				F895C429283F97DB009602B4 /* Main.storyboard in Resources */,
			);
			runOnlyForDeploymentPostprocessing = 0;
		};
/* End PBXResourcesBuildPhase section */

/* Begin PBXShellScriptBuildPhase section */
		6EF5453C55BE3DA94FC18CC8 /* [CP] Check Pods Manifest.lock */ = {
			isa = PBXShellScriptBuildPhase;
			buildActionMask = 2147483647;
			files = (
			);
			inputFileListPaths = (
			);
			inputPaths = (
				"${PODS_PODFILE_DIR_PATH}/Podfile.lock",
				"${PODS_ROOT}/Manifest.lock",
			);
			name = "[CP] Check Pods Manifest.lock";
			outputFileListPaths = (
			);
			outputPaths = (
				"$(DERIVED_FILE_DIR)/Pods-RoundCodeTutorial-iOS-checkManifestLockResult.txt",
			);
			runOnlyForDeploymentPostprocessing = 0;
			shellPath = /bin/sh;
			shellScript = "diff \"${PODS_PODFILE_DIR_PATH}/Podfile.lock\" \"${PODS_ROOT}/Manifest.lock\" > /dev/null\nif [ $? != 0 ] ; then\n    # print error to STDERR\n    echo \"error: The sandbox is not in sync with the Podfile.lock. Run 'pod install' or update your CocoaPods installation.\" >&2\n    exit 1\nfi\n# This output is used by Xcode 'outputs' to avoid re-running this script phase.\necho \"SUCCESS\" > \"${SCRIPT_OUTPUT_FILE_0}\"\n";
			showEnvVarsInLog = 0;
		};
		CCC4183B2A6F11CDAD2E61EF /* [CP] Embed Pods Frameworks */ = {
			isa = PBXShellScriptBuildPhase;
			buildActionMask = 2147483647;
			files = (
			);
			inputFileListPaths = (
				"${PODS_ROOT}/Target Support Files/Pods-RoundCodeTutorial-iOS/Pods-RoundCodeTutorial-iOS-frameworks-${CONFIGURATION}-input-files.xcfilelist",
			);
			name = "[CP] Embed Pods Frameworks";
			outputFileListPaths = (
				"${PODS_ROOT}/Target Support Files/Pods-RoundCodeTutorial-iOS/Pods-RoundCodeTutorial-iOS-frameworks-${CONFIGURATION}-output-files.xcfilelist",
			);
			runOnlyForDeploymentPostprocessing = 0;
			shellPath = /bin/sh;
			shellScript = "\"${PODS_ROOT}/Target Support Files/Pods-RoundCodeTutorial-iOS/Pods-RoundCodeTutorial-iOS-frameworks.sh\"\n";
			showEnvVarsInLog = 0;
		};
/* End PBXShellScriptBuildPhase section */

/* Begin PBXSourcesBuildPhase section */
		F895C41A283F97DB009602B4 /* Sources */ = {
			isa = PBXSourcesBuildPhase;
			buildActionMask = 2147483647;
			files = (
				F895C426283F97DB009602B4 /* ViewController.swift in Sources */,
				F895C422283F97DB009602B4 /* AppDelegate.swift in Sources */,
				F895C424283F97DB009602B4 /* SceneDelegate.swift in Sources */,
			);
			runOnlyForDeploymentPostprocessing = 0;
		};
/* End PBXSourcesBuildPhase section */

/* Begin PBXVariantGroup section */
		F895C427283F97DB009602B4 /* Main.storyboard */ = {
			isa = PBXVariantGroup;
			children = (
				F895C428283F97DB009602B4 /* Base */,
			);
			name = Main.storyboard;
			sourceTree = "<group>";
		};
		F895C42C283F97DB009602B4 /* LaunchScreen.storyboard */ = {
			isa = PBXVariantGroup;
			children = (
				F895C42D283F97DB009602B4 /* Base */,
			);
			name = LaunchScreen.storyboard;
			sourceTree = "<group>";
		};
/* End PBXVariantGroup section */

/* Begin XCBuildConfiguration section */
		F895C430283F97DB009602B4 /* Debug */ = {
			isa = XCBuildConfiguration;
			buildSettings = {
				ALWAYS_SEARCH_USER_PATHS = NO;
				CLANG_ANALYZER_NONNULL = YES;
				CLANG_ANALYZER_NUMBER_OBJECT_CONVERSION = YES_AGGRESSIVE;
				CLANG_CXX_LANGUAGE_STANDARD = "gnu++17";
				CLANG_ENABLE_MODULES = YES;
				CLANG_ENABLE_OBJC_ARC = YES;
				CLANG_ENABLE_OBJC_WEAK = YES;
				CLANG_WARN_BLOCK_CAPTURE_AUTORELEASING = YES;
				CLANG_WARN_BOOL_CONVERSION = YES;
				CLANG_WARN_COMMA = YES;
				CLANG_WARN_CONSTANT_CONVERSION = YES;
				CLANG_WARN_DEPRECATED_OBJC_IMPLEMENTATIONS = YES;
				CLANG_WARN_DIRECT_OBJC_ISA_USAGE = YES_ERROR;
				CLANG_WARN_DOCUMENTATION_COMMENTS = YES;
				CLANG_WARN_EMPTY_BODY = YES;
				CLANG_WARN_ENUM_CONVERSION = YES;
				CLANG_WARN_INFINITE_RECURSION = YES;
				CLANG_WARN_INT_CONVERSION = YES;
				CLANG_WARN_NON_LITERAL_NULL_CONVERSION = YES;
				CLANG_WARN_OBJC_IMPLICIT_RETAIN_SELF = YES;
				CLANG_WARN_OBJC_LITERAL_CONVERSION = YES;
				CLANG_WARN_OBJC_ROOT_CLASS = YES_ERROR;
				CLANG_WARN_QUOTED_INCLUDE_IN_FRAMEWORK_HEADER = YES;
				CLANG_WARN_RANGE_LOOP_ANALYSIS = YES;
				CLANG_WARN_STRICT_PROTOTYPES = YES;
				CLANG_WARN_SUSPICIOUS_MOVE = YES;
				CLANG_WARN_UNGUARDED_AVAILABILITY = YES_AGGRESSIVE;
				CLANG_WARN_UNREACHABLE_CODE = YES;
				CLANG_WARN__DUPLICATE_METHOD_MATCH = YES;
				COPY_PHASE_STRIP = NO;
				DEBUG_INFORMATION_FORMAT = dwarf;
				ENABLE_STRICT_OBJC_MSGSEND = YES;
				ENABLE_TESTABILITY = YES;
				GCC_C_LANGUAGE_STANDARD = gnu11;
				GCC_DYNAMIC_NO_PIC = NO;
				GCC_NO_COMMON_BLOCKS = YES;
				GCC_OPTIMIZATION_LEVEL = 0;
				GCC_PREPROCESSOR_DEFINITIONS = (
					"DEBUG=1",
					"$(inherited)",
				);
				GCC_WARN_64_TO_32_BIT_CONVERSION = YES;
				GCC_WARN_ABOUT_RETURN_TYPE = YES_ERROR;
				GCC_WARN_UNDECLARED_SELECTOR = YES;
				GCC_WARN_UNINITIALIZED_AUTOS = YES_AGGRESSIVE;
				GCC_WARN_UNUSED_FUNCTION = YES;
				GCC_WARN_UNUSED_VARIABLE = YES;
				IPHONEOS_DEPLOYMENT_TARGET = 15.5;
				MTL_ENABLE_DEBUG_INFO = INCLUDE_SOURCE;
				MTL_FAST_MATH = YES;
				ONLY_ACTIVE_ARCH = YES;
				SDKROOT = iphoneos;
				SWIFT_ACTIVE_COMPILATION_CONDITIONS = DEBUG;
				SWIFT_OPTIMIZATION_LEVEL = "-Onone";
			};
			name = Debug;
		};
		F895C431283F97DB009602B4 /* Release */ = {
			isa = XCBuildConfiguration;
			buildSettings = {
				ALWAYS_SEARCH_USER_PATHS = NO;
				CLANG_ANALYZER_NONNULL = YES;
				CLANG_ANALYZER_NUMBER_OBJECT_CONVERSION = YES_AGGRESSIVE;
				CLANG_CXX_LANGUAGE_STANDARD = "gnu++17";
				CLANG_ENABLE_MODULES = YES;
				CLANG_ENABLE_OBJC_ARC = YES;
				CLANG_ENABLE_OBJC_WEAK = YES;
				CLANG_WARN_BLOCK_CAPTURE_AUTORELEASING = YES;
				CLANG_WARN_BOOL_CONVERSION = YES;
				CLANG_WARN_COMMA = YES;
				CLANG_WARN_CONSTANT_CONVERSION = YES;
				CLANG_WARN_DEPRECATED_OBJC_IMPLEMENTATIONS = YES;
				CLANG_WARN_DIRECT_OBJC_ISA_USAGE = YES_ERROR;
				CLANG_WARN_DOCUMENTATION_COMMENTS = YES;
				CLANG_WARN_EMPTY_BODY = YES;
				CLANG_WARN_ENUM_CONVERSION = YES;
				CLANG_WARN_INFINITE_RECURSION = YES;
				CLANG_WARN_INT_CONVERSION = YES;
				CLANG_WARN_NON_LITERAL_NULL_CONVERSION = YES;
				CLANG_WARN_OBJC_IMPLICIT_RETAIN_SELF = YES;
				CLANG_WARN_OBJC_LITERAL_CONVERSION = YES;
				CLANG_WARN_OBJC_ROOT_CLASS = YES_ERROR;
				CLANG_WARN_QUOTED_INCLUDE_IN_FRAMEWORK_HEADER = YES;
				CLANG_WARN_RANGE_LOOP_ANALYSIS = YES;
				CLANG_WARN_STRICT_PROTOTYPES = YES;
				CLANG_WARN_SUSPICIOUS_MOVE = YES;
				CLANG_WARN_UNGUARDED_AVAILABILITY = YES_AGGRESSIVE;
				CLANG_WARN_UNREACHABLE_CODE = YES;
				CLANG_WARN__DUPLICATE_METHOD_MATCH = YES;
				COPY_PHASE_STRIP = NO;
				DEBUG_INFORMATION_FORMAT = "dwarf-with-dsym";
				ENABLE_NS_ASSERTIONS = NO;
				ENABLE_STRICT_OBJC_MSGSEND = YES;
				GCC_C_LANGUAGE_STANDARD = gnu11;
				GCC_NO_COMMON_BLOCKS = YES;
				GCC_WARN_64_TO_32_BIT_CONVERSION = YES;
				GCC_WARN_ABOUT_RETURN_TYPE = YES_ERROR;
				GCC_WARN_UNDECLARED_SELECTOR = YES;
				GCC_WARN_UNINITIALIZED_AUTOS = YES_AGGRESSIVE;
				GCC_WARN_UNUSED_FUNCTION = YES;
				GCC_WARN_UNUSED_VARIABLE = YES;
				IPHONEOS_DEPLOYMENT_TARGET = 15.5;
				MTL_ENABLE_DEBUG_INFO = NO;
				MTL_FAST_MATH = YES;
				SDKROOT = iphoneos;
				SWIFT_COMPILATION_MODE = wholemodule;
				SWIFT_OPTIMIZATION_LEVEL = "-O";
				VALIDATE_PRODUCT = YES;
			};
			name = Release;
		};
		F895C433283F97DB009602B4 /* Debug */ = {
			isa = XCBuildConfiguration;
			baseConfigurationReference = 66A58A4FFC4B282BF1B70446 /* Pods-RoundCodeTutorial-iOS.debug.xcconfig */;
			buildSettings = {
				ASSETCATALOG_COMPILER_APPICON_NAME = AppIcon;
				ASSETCATALOG_COMPILER_GLOBAL_ACCENT_COLOR_NAME = AccentColor;
				CODE_SIGN_STYLE = Automatic;
				CURRENT_PROJECT_VERSION = 1;
				DEVELOPMENT_TEAM = T8C9SSEX5G;
				GENERATE_INFOPLIST_FILE = YES;
				INFOPLIST_FILE = "RoundCodeTutorial-iOS/Info.plist";
				INFOPLIST_KEY_UIApplicationSupportsIndirectInputEvents = YES;
				INFOPLIST_KEY_UILaunchStoryboardName = LaunchScreen;
				INFOPLIST_KEY_UIMainStoryboardFile = Main;
				INFOPLIST_KEY_UISupportedInterfaceOrientations_iPad = "UIInterfaceOrientationPortrait UIInterfaceOrientationPortraitUpsideDown UIInterfaceOrientationLandscapeLeft UIInterfaceOrientationLandscapeRight";
				INFOPLIST_KEY_UISupportedInterfaceOrientations_iPhone = "UIInterfaceOrientationPortrait UIInterfaceOrientationLandscapeLeft UIInterfaceOrientationLandscapeRight";
				LD_RUNPATH_SEARCH_PATHS = (
					"$(inherited)",
					"@executable_path/Frameworks",
				);
				MARKETING_VERSION = 1.0;
				PRODUCT_BUNDLE_IDENTIFIER = "com.exemple.hyun99999.RoundCodeTutorial-iOS";
				PRODUCT_NAME = "$(TARGET_NAME)";
				SWIFT_EMIT_LOC_STRINGS = YES;
				SWIFT_VERSION = 5.0;
				TARGETED_DEVICE_FAMILY = "1,2";
			};
			name = Debug;
		};
		F895C434283F97DB009602B4 /* Release */ = {
			isa = XCBuildConfiguration;
			baseConfigurationReference = 5BB86CA1D88E17745C1575EE /* Pods-RoundCodeTutorial-iOS.release.xcconfig */;
			buildSettings = {
				ASSETCATALOG_COMPILER_APPICON_NAME = AppIcon;
				ASSETCATALOG_COMPILER_GLOBAL_ACCENT_COLOR_NAME = AccentColor;
				CODE_SIGN_STYLE = Automatic;
				CURRENT_PROJECT_VERSION = 1;
				DEVELOPMENT_TEAM = T8C9SSEX5G;
				GENERATE_INFOPLIST_FILE = YES;
				INFOPLIST_FILE = "RoundCodeTutorial-iOS/Info.plist";
				INFOPLIST_KEY_UIApplicationSupportsIndirectInputEvents = YES;
				INFOPLIST_KEY_UILaunchStoryboardName = LaunchScreen;
				INFOPLIST_KEY_UIMainStoryboardFile = Main;
				INFOPLIST_KEY_UISupportedInterfaceOrientations_iPad = "UIInterfaceOrientationPortrait UIInterfaceOrientationPortraitUpsideDown UIInterfaceOrientationLandscapeLeft UIInterfaceOrientationLandscapeRight";
				INFOPLIST_KEY_UISupportedInterfaceOrientations_iPhone = "UIInterfaceOrientationPortrait UIInterfaceOrientationLandscapeLeft UIInterfaceOrientationLandscapeRight";
				LD_RUNPATH_SEARCH_PATHS = (
					"$(inherited)",
					"@executable_path/Frameworks",
				);
				MARKETING_VERSION = 1.0;
				PRODUCT_BUNDLE_IDENTIFIER = "com.exemple.hyun99999.RoundCodeTutorial-iOS";
				PRODUCT_NAME = "$(TARGET_NAME)";
				SWIFT_EMIT_LOC_STRINGS = YES;
				SWIFT_VERSION = 5.0;
				TARGETED_DEVICE_FAMILY = "1,2";
			};
			name = Release;
		};
/* End XCBuildConfiguration section */

/* Begin XCConfigurationList section */
		F895C419283F97DB009602B4 /* Build configuration list for PBXProject "RoundCodeTutorial-iOS" */ = {
			isa = XCConfigurationList;
			buildConfigurations = (
				F895C430283F97DB009602B4 /* Debug */,
				F895C431283F97DB009602B4 /* Release */,
			);
			defaultConfigurationIsVisible = 0;
			defaultConfigurationName = Release;
		};
		F895C432283F97DB009602B4 /* Build configuration list for PBXNativeTarget "RoundCodeTutorial-iOS" */ = {
			isa = XCConfigurationList;
			buildConfigurations = (
				F895C433283F97DB009602B4 /* Debug */,
				F895C434283F97DB009602B4 /* Release */,
			);
			defaultConfigurationIsVisible = 0;
			defaultConfigurationName = Release;
		};
/* End XCConfigurationList section */
	};
	rootObject = F895C416283F97DB009602B4 /* Project object */;
}
