PODS:
  - RoundCode (1.3.0)
  - Then (3.0.0)

DEPENDENCIES:
  - RoundCode
  - Then

SPEC REPOS:
  trunk:
    - RoundCode
    - Then

SPEC CHECKSUMS:
  RoundCode: 562f3bde81c80aa3f71f6dccd64aa6739dd2e519
  Then: 844265ae87834bbe1147d91d5d41a404da2ec27d

PODFILE CHECKSUM: d85150cc6de4e354f59cfbfb9d673af0c20ed587

COCOAPODS: 1.11.2
